
Microsoft Visual Studio Solution File, Format Version 12.00
# Visual Studio 15
VisualStudioVersion = 15.0.28010.2046
MinimumVisualStudioVersion = 10.0.40219.1
Project("{8BC9CEB8-8B4A-11D0-8D11-00A0C91BC942}") = "Aimforcomplete", "Aimforcomplete\Aimforcomplete.vcxproj", "{5A3AF346-7E37-4C33-9A2D-2A74141B305E}"
EndProject
Project("{8BC9CEB8-8B4A-11D0-8D11-00A0C91BC942}") = "Aimforconplete-TDD", "Aimforconplete-TDD\Aimforconplete-TDD.vcxproj", "{B20D6537-103E-4629-BD1B-3CE709B054A2}"
EndProject
Global
	GlobalSection(SolutionConfigurationPlatforms) = preSolution
		Debug|x64 = Debug|x64
		Debug|x86 = Debug|x86
		Release|x64 = Release|x64
		Release|x86 = Release|x86
	EndGlobalSection
	GlobalSection(ProjectConfigurationPlatforms) = postSolution
		{5A3AF346-7E37-4C33-9A2D-2A74141B305E}.Debug|x64.ActiveCfg = Debug|x64
		{5A3AF346-7E37-4C33-9A2D-2A74141B305E}.Debug|x64.Build.0 = Debug|x64
		{5A3AF346-7E37-4C33-9A2D-2A74141B305E}.Debug|x86.ActiveCfg = Debug|Win32
		{5A3AF346-7E37-4C33-9A2D-2A74141B305E}.Debug|x86.Build.0 = Debug|Win32
		{5A3AF346-7E37-4C33-9A2D-2A74141B305E}.Release|x64.ActiveCfg = Release|x64
		{5A3AF346-7E37-4C33-9A2D-2A74141B305E}.Release|x64.Build.0 = Release|x64
		{5A3AF346-7E37-4C33-9A2D-2A74141B305E}.Release|x86.ActiveCfg = Release|Win32
		{5A3AF346-7E37-4C33-9A2D-2A74141B305E}.Release|x86.Build.0 = Release|Win32
		{B20D6537-103E-4629-BD1B-3CE709B054A2}.Debug|x64.ActiveCfg = Debug|x64
		{B20D6537-103E-4629-BD1B-3CE709B054A2}.Debug|x64.Build.0 = Debug|x64
		{B20D6537-103E-4629-BD1B-3CE709B054A2}.Debug|x86.ActiveCfg = Debug|Win32
		{B20D6537-103E-4629-BD1B-3CE709B054A2}.Debug|x86.Build.0 = Debug|Win32
		{B20D6537-103E-4629-BD1B-3CE709B054A2}.Release|x64.ActiveCfg = Release|x64
		{B20D6537-103E-4629-BD1B-3CE709B054A2}.Release|x64.Build.0 = Release|x64
		{B20D6537-103E-4629-BD1B-3CE709B054A2}.Release|x86.ActiveCfg = Release|Win32
		{B20D6537-103E-4629-BD1B-3CE709B054A2}.Release|x86.Build.0 = Release|Win32
	EndGlobalSection
	GlobalSection(SolutionProperties) = preSolution
		HideSolutionNode = FALSE
	EndGlobalSection
	GlobalSection(ExtensibilityGlobals) = postSolution
		SolutionGuid = {A879300A-5A2A-4206-B271-15265D7C2BB6}
	EndGlobalSection
EndGlobal
